
Microsoft Visual Studio Solution File, Format Version 12.00
# Visual Studio Version 16
VisualStudioVersion = 16.0.32126.315
MinimumVisualStudioVersion = 10.0.40219.1
Project("{FAE04EC0-301F-11D3-BF4B-00C04F79EFBC}") = "AwehProductionsQueue", "AwehProductionsQueue\AwehProductionsQueue.csproj", "{849EDC72-D545-4D5F-80C3-6E3708982DD1}"
EndProject
Global
	GlobalSection(SolutionConfigurationPlatforms) = preSolution
		Debug|Any CPU = Debug|Any CPU
		Release|Any CPU = Release|Any CPU
	EndGlobalSection
	GlobalSection(ProjectConfigurationPlatforms) = postSolution
		{849EDC72-D545-4D5F-80C3-6E3708982DD1}.Debug|Any CPU.ActiveCfg = Debug|Any CPU
		{849EDC72-D545-4D5F-80C3-6E3708982DD1}.Debug|Any CPU.Build.0 = Debug|Any CPU
		{849EDC72-D545-4D5F-80C3-6E3708982DD1}.Release|Any CPU.ActiveCfg = Release|Any CPU
		{849EDC72-D545-4D5F-80C3-6E3708982DD1}.Release|Any CPU.Build.0 = Release|Any CPU
	EndGlobalSection
	GlobalSection(SolutionProperties) = preSolution
		HideSolutionNode = FALSE
	EndGlobalSection
	GlobalSection(ExtensibilityGlobals) = postSolution
		SolutionGuid = {77D4B9F9-5842-4D0A-803C-AD328B623635}
	EndGlobalSection
EndGlobal
